
Microsoft Visual Studio Solution File, Format Version 12.00
# Visual Studio Version 17
VisualStudioVersion = 17.10.34916.146
MinimumVisualStudioVersion = 10.0.40219.1
Project("{FAE04EC0-301F-11D3-BF4B-00C04F79EFBC}") = "FleetVehicles", "FleetVehicles\FleetVehicles.csproj", "{EE565BB5-80E7-4108-A6ED-8AA6A68DD637}"
EndProject
Global
	GlobalSection(SolutionConfigurationPlatforms) = preSolution
		Debug|Any CPU = Debug|Any CPU
		Release|Any CPU = Release|Any CPU
	EndGlobalSection
	GlobalSection(ProjectConfigurationPlatforms) = postSolution
		{EE565BB5-80E7-4108-A6ED-8AA6A68DD637}.Debug|Any CPU.ActiveCfg = Debug|Any CPU
		{EE565BB5-80E7-4108-A6ED-8AA6A68DD637}.Debug|Any CPU.Build.0 = Debug|Any CPU
		{EE565BB5-80E7-4108-A6ED-8AA6A68DD637}.Release|Any CPU.ActiveCfg = Release|Any CPU
		{EE565BB5-80E7-4108-A6ED-8AA6A68DD637}.Release|Any CPU.Build.0 = Release|Any CPU
	EndGlobalSection
	GlobalSection(SolutionProperties) = preSolution
		HideSolutionNode = FALSE
	EndGlobalSection
	GlobalSection(ExtensibilityGlobals) = postSolution
		SolutionGuid = {76A4100F-1321-40A2-AF6B-C60003C6E8B6}
	EndGlobalSection
EndGlobal
